Microsoft Visual Studio Solution File, Format Version 12.00
# Visual Studio Version 17
VisualStudioVersion = 17.5.2.0
MinimumVisualStudioVersion = 10.0.40219.1
Project("{FAE04EC0-301F-11D3-BF4B-00C04F79EFBC}") = "AgenticDebuggerVsix2", "AgenticDebuggerVsix2.csproj", "{B47660DE-AB9C-78E7-1B72-F9E6320D4C61}"
EndProject
Global
	GlobalSection(SolutionConfigurationPlatforms) = preSolution
		Debug|Any CPU = Debug|Any CPU
		Release|Any CPU = Release|Any CPU
	EndGlobalSection
	GlobalSection(ProjectConfigurationPlatforms) = postSolution
		{B47660DE-AB9C-78E7-1B72-F9E6320D4C61}.Debug|Any CPU.ActiveCfg = Debug|Any CPU
		{B47660DE-AB9C-78E7-1B72-F9E6320D4C61}.Debug|Any CPU.Build.0 = Debug|Any CPU
		{B47660DE-AB9C-78E7-1B72-F9E6320D4C61}.Release|Any CPU.ActiveCfg = Release|Any CPU
		{B47660DE-AB9C-78E7-1B72-F9E6320D4C61}.Release|Any CPU.Build.0 = Release|Any CPU
	EndGlobalSection
	GlobalSection(SolutionProperties) = preSolution
		HideSolutionNode = FALSE
	EndGlobalSection
	GlobalSection(ExtensibilityGlobals) = postSolution
		SolutionGuid = {0B5846BC-913F-43A9-8142-65BFC5922665}
	EndGlobalSection
EndGlobal
